
Microsoft Visual Studio Solution File, Format Version 12.00
# Visual Studio 15
VisualStudioVersion = 15.0.28307.102
MinimumVisualStudioVersion = 10.0.40219.1
Project("{FAE04EC0-301F-11D3-BF4B-00C04F79EFBC}") = "server", "iksis6\server.csproj", "{5F0BBA9B-EB3D-4110-85B5-2C7692B1387E}"
EndProject
Project("{FAE04EC0-301F-11D3-BF4B-00C04F79EFBC}") = "client", "server\client.csproj", "{72FEC1E8-6140-446A-B1FF-66DE371C47B1}"
EndProject
Global
	GlobalSection(SolutionConfigurationPlatforms) = preSolution
		Debug|Any CPU = Debug|Any CPU
		Release|Any CPU = Release|Any CPU
	EndGlobalSection
	GlobalSection(ProjectConfigurationPlatforms) = postSolution
		{5F0BBA9B-EB3D-4110-85B5-2C7692B1387E}.Debug|Any CPU.ActiveCfg = Debug|Any CPU
		{5F0BBA9B-EB3D-4110-85B5-2C7692B1387E}.Debug|Any CPU.Build.0 = Debug|Any CPU
		{5F0BBA9B-EB3D-4110-85B5-2C7692B1387E}.Release|Any CPU.ActiveCfg = Release|Any CPU
		{5F0BBA9B-EB3D-4110-85B5-2C7692B1387E}.Release|Any CPU.Build.0 = Release|Any CPU
		{72FEC1E8-6140-446A-B1FF-66DE371C47B1}.Debug|Any CPU.ActiveCfg = Debug|Any CPU
		{72FEC1E8-6140-446A-B1FF-66DE371C47B1}.Debug|Any CPU.Build.0 = Debug|Any CPU
		{72FEC1E8-6140-446A-B1FF-66DE371C47B1}.Release|Any CPU.ActiveCfg = Release|Any CPU
		{72FEC1E8-6140-446A-B1FF-66DE371C47B1}.Release|Any CPU.Build.0 = Release|Any CPU
	EndGlobalSection
	GlobalSection(SolutionProperties) = preSolution
		HideSolutionNode = FALSE
	EndGlobalSection
	GlobalSection(ExtensibilityGlobals) = postSolution
		SolutionGuid = {D236B482-EC3B-432C-86AC-126BE704A985}
	EndGlobalSection
EndGlobal
